
Microsoft Visual Studio Solution File, Format Version 12.00
# Visual Studio 14
VisualStudioVersion = 14.0.25420.1
MinimumVisualStudioVersion = 10.0.40219.1
Project("{8BC9CEB8-8B4A-11D0-8D11-00A0C91BC942}") = "AICritters3", "AICritters3.vcxproj", "{543705ED-F464-4739-A2A8-ACC9E4A5A467}"
EndProject
Global
	GlobalSection(SolutionConfigurationPlatforms) = preSolution
		Debug|x64 = Debug|x64
		Release|x64 = Release|x64
	EndGlobalSection
	GlobalSection(ProjectConfigurationPlatforms) = postSolution
		{543705ED-F464-4739-A2A8-ACC9E4A5A467}.Debug|x64.ActiveCfg = Debug|x64
		{543705ED-F464-4739-A2A8-ACC9E4A5A467}.Debug|x64.Build.0 = Debug|x64
		{543705ED-F464-4739-A2A8-ACC9E4A5A467}.Release|x64.ActiveCfg = Release|x64
		{543705ED-F464-4739-A2A8-ACC9E4A5A467}.Release|x64.Build.0 = Release|x64
	EndGlobalSection
	GlobalSection(SolutionProperties) = preSolution
		HideSolutionNode = FALSE
	EndGlobalSection
EndGlobal
