<?xml version="1.0" encoding="utf-8"?>
<Project ToolsVersion="4.0" xmlns="http://schemas.microsoft.com/developer/msbuild/2003">
  <ItemGroup>
    <Filter Include="Source Files">
      <UniqueIdentifier>{4FC737F1-C7A5-4376-A066-2A32D752A2FF}</UniqueIdentifier>
      <Extensions>cpp;c;cc;cxx;def;odl;idl;hpj;bat;asm;asmx</Extensions>
    </Filter>
    <Filter Include="Resource Files">
      <UniqueIdentifier>{67DA6AB6-F800-4c08-8B7A-83BB121AAD01}</UniqueIdentifier>
      <Extensions>rc;ico;cur;bmp;dlg;rc2;rct;bin;rgs;gif;jpg;jpeg;jpe;resx;tiff;tif;png;wav;mfcribbon-ms</Extensions>
    </Filter>
    <Filter Include="Source Files\ThirdParty">
      <UniqueIdentifier>{61d479fd-ef5b-41cf-a199-757fba9ff9ef}</UniqueIdentifier>
    </Filter>
    <Filter Include="Source Files\ThirdParty\glad">
      <UniqueIdentifier>{a5b8330d-43a9-49fb-b4be-f463038713f7}</UniqueIdentifier>
    </Filter>
    <Filter Include="Source Files\ThirdParty\imgui">
      <UniqueIdentifier>{08df6da9-ed67-43cf-bd0f-8ceb2e5439b6}</UniqueIdentifier>
    </Filter>
    <Filter Include="Source Files\Game">
      <UniqueIdentifier>{bc526fbb-8f00-4cc5-81fc-e07c5222ec54}</UniqueIdentifier>
    </Filter>
    <Filter Include="Source Files\Engine">
      <UniqueIdentifier>{e742f670-d24e-4f16-9af6-e31621e894b9}</UniqueIdentifier>
    </Filter>
    <Filter Include="Source Files\Engine\Utility">
      <UniqueIdentifier>{bb6ebd86-1d2c-4c17-993c-07b3f2d3ed57}</UniqueIdentifier>
    </Filter>
    <Filter Include="Source Files\Engine\Display">
      <UniqueIdentifier>{a7e1b419-4aac-4b69-866a-522756f07663}</UniqueIdentifier>
    </Filter>
    <Filter Include="Source Files\Engine\Display\Rendering">
      <UniqueIdentifier>{ae6025bb-7b55-482b-beba-29413a3ad6e8}</UniqueIdentifier>
    </Filter>
    <Filter Include="Source Files\Engine\Configuration">
      <UniqueIdentifier>{d832880e-1784-4b0c-b3f8-af7bca157d66}</UniqueIdentifier>
    </Filter>
    <Filter Include="Source Files\Engine\Utility\Math">
      <UniqueIdentifier>{25b4290f-11fc-4a6b-8ee3-f1482ad4148f}</UniqueIdentifier>
    </Filter>
    <Filter Include="Source Files\Game\CauseEffect">
      <UniqueIdentifier>{fe8e7a3d-7dad-4e3d-b3b3-3d65a9997f51}</UniqueIdentifier>
    </Filter>
    <Filter Include="Source Files\Engine\Utility\Test">
      <UniqueIdentifier>{a3fa8650-cac1-466b-917e-127267072962}</UniqueIdentifier>
    </Filter>
    <Filter Include="Source Files\Engine\Application">
      <UniqueIdentifier>{e7744a31-428f-489e-b7c5-6f0c90fa72ee}</UniqueIdentifier>
    </Filter>
    <Filter Include="Source Files\Engine\Input">
      <UniqueIdentifier>{55d28cde-c1de-4e43-ab93-129d7da63b56}</UniqueIdentifier>
    </Filter>
    <Filter Include="Source Files\Engine\Event">
      <UniqueIdentifier>{205db9e9-4aa4-473d-b24b-855e1b97983b}</UniqueIdentifier>
    </Filter>
    <Filter Include="Source Files\Engine\Profiling">
      <UniqueIdentifier>{1218079d-7a77-4f12-a547-ad3d4b9e79d3}</UniqueIdentifier>
    </Filter>
    <Filter Include="Source Files\Game\ShatterLapse">
      <UniqueIdentifier>{4449bcb3-72c6-493d-9d5b-3eb4ee9c0bd6}</UniqueIdentifier>
    </Filter>
    <Filter Include="Source Files\Engine\Utility\Structures">
      <UniqueIdentifier>{f78a2f4b-8253-4a0f-a538-23f13cf54902}</UniqueIdentifier>
    </Filter>
    <Filter Include="Source Files\Engine\Utility\Service">
      <UniqueIdentifier>{dac7aa61-b412-4f59-b3b2-4c312d3b0308}</UniqueIdentifier>
    </Filter>
    <Filter Include="Source Files\Engine\Utility\Locator">
      <UniqueIdentifier>{03e8c706-9369-463d-9f4c-4cffb9895f5c}</UniqueIdentifier>
    </Filter>
    <Filter Include="Source Files\ThirdParty\tracy">
      <UniqueIdentifier>{46246e19-564d-4505-8688-af5d1026f34c}</UniqueIdentifier>
    </Filter>
    <Filter Include="Source Files\Engine\Resource">
      <UniqueIdentifier>{674b90ce-9aef-4754-974c-7ebb4cd7eeac}</UniqueIdentifier>
    </Filter>
    <Filter Include="Source Files\Engine\Audio">
      <UniqueIdentifier>{5b41a32e-c13d-47fd-b69e-1dbc515ad085}</UniqueIdentifier>
    </Filter>
    <Filter Include="Source Files\Engine\Utility\Presence">
      <UniqueIdentifier>{3bb500b2-7fa2-4f31-ac51-1d0147928e92}</UniqueIdentifier>
    </Filter>
    <Filter Include="Source Files\Engine\World">
      <UniqueIdentifier>{e62346af-4435-461e-9c71-bcf335741fc5}</UniqueIdentifier>
    </Filter>
    <Filter Include="Source Files\Engine\World\Entity">
      <UniqueIdentifier>{8939cd7e-a634-4079-ba24-ed6e00c4e640}</UniqueIdentifier>
    </Filter>
  </ItemGroup>
  <ItemGroup>
    <ClCompile Include="Source.cpp">
      <Filter>Source Files</Filter>
    </ClCompile>
    <ClCompile Include="ThirdParty\glad\src\glad.c">
      <Filter>Source Files\ThirdParty\glad</Filter>
    </ClCompile>
    <ClCompile Include="ThirdParty\imgui-1.52\imgui.cpp">
      <Filter>Source Files\ThirdParty\imgui</Filter>
    </ClCompile>
    <ClCompile Include="ThirdParty\imgui-1.52\imgui_demo.cpp">
      <Filter>Source Files\ThirdParty\imgui</Filter>
    </ClCompile>
    <ClCompile Include="ThirdParty\imgui-1.52\imgui_draw.cpp">
      <Filter>Source Files\ThirdParty\imgui</Filter>
    </ClCompile>
    <ClCompile Include="Game\Game.cpp">
      <Filter>Source Files\Engine</Filter>
    </ClCompile>
    <ClCompile Include="Game\CauseEffect\CauseEffect.cpp">
      <Filter>Source Files\Game\CauseEffect</Filter>
    </ClCompile>
    <ClCompile Include="Engine\Application\Application.cpp">
      <Filter>Source Files\Engine\Application</Filter>
    </ClCompile>
    <ClCompile Include="Engine\Input\Input.cpp">
      <Filter>Source Files\Engine\Input</Filter>
    </ClCompile>
    <ClCompile Include="Engine\Event\Event.cpp">
      <Filter>Source Files\Engine\Event</Filter>
    </ClCompile>
    <ClCompile Include="Engine\Profiling\Logging.cpp">
      <Filter>Source Files\Engine\Profiling</Filter>
    </ClCompile>
    <ClCompile Include="Engine\Profiling\Profiling.cpp">
      <Filter>Source Files\Engine\Profiling</Filter>
    </ClCompile>
    <ClCompile Include="Engine\Display\imgui_impl_glfw_gl3.cpp">
      <Filter>Source Files\Engine\Display</Filter>
    </ClCompile>
    <ClCompile Include="Engine\Display\Window.cpp">
      <Filter>Source Files\Engine\Display</Filter>
    </ClCompile>
    <ClCompile Include="Engine\Display\Rendering\Camera.cpp">
      <Filter>Source Files\Engine\Display\Rendering</Filter>
    </ClCompile>
    <ClCompile Include="Engine\Display\Rendering\Mesh.cpp">
      <Filter>Source Files\Engine\Display\Rendering</Filter>
    </ClCompile>
    <ClCompile Include="Engine\Display\Rendering\Renderable.cpp">
      <Filter>Source Files\Engine\Display\Rendering</Filter>
    </ClCompile>
    <ClCompile Include="Engine\Display\Rendering\Renderer.cpp">
      <Filter>Source Files\Engine\Display\Rendering</Filter>
    </ClCompile>
    <ClCompile Include="Engine\Display\Rendering\Shader.cpp">
      <Filter>Source Files\Engine\Display\Rendering</Filter>
    </ClCompile>
    <ClCompile Include="Engine\Configuration\Configuration.cpp">
      <Filter>Source Files\Engine\Configuration</Filter>
    </ClCompile>
    <ClCompile Include="Engine\Utility\File.cpp">
      <Filter>Source Files\Engine\Utility</Filter>
    </ClCompile>
    <ClCompile Include="Engine\Utility\StringPool.cpp">
      <Filter>Source Files\Engine\Utility</Filter>
    </ClCompile>
    <ClCompile Include="Engine\Utility\Test\PerformanceStringTest.cpp">
      <Filter>Source Files\Engine\Utility\Test</Filter>
    </ClCompile>
    <ClCompile Include="Engine\Utility\Math\SIMDVector.cpp">
      <Filter>Source Files\Engine\Utility\Math</Filter>
    </ClCompile>
    <ClCompile Include="Game\ShatterLapse\ShatterLapse.cpp">
      <Filter>Source Files\Game\ShatterLapse</Filter>
    </ClCompile>
    <ClCompile Include="Engine\Utility\Structures\SpatialGrid.cpp">
      <Filter>Source Files\Engine\Utility\Structures</Filter>
    </ClCompile>
    <ClCompile Include="Engine\Input\NullInput.cpp">
      <Filter>Source Files\Engine\Input</Filter>
    </ClCompile>
    <ClCompile Include="Engine\Utility\Service\ServiceRegistry.cpp">
      <Filter>Source Files\Engine\Utility\Service</Filter>
    </ClCompile>
    <ClCompile Include="Engine\Input\InputMapGLFW.cpp">
      <Filter>Source Files\Engine\Input</Filter>
    </ClCompile>
    <ClCompile Include="ThirdParty\tracy\TracyClient.cpp">
      <Filter>Source Files\ThirdParty\tracy</Filter>
    </ClCompile>
    <ClCompile Include="Engine\Resource\Assets.cpp">
      <Filter>Source Files\Engine\Resource</Filter>
    </ClCompile>
    <ClCompile Include="Engine\Utility\MeshBuilder.cpp">
      <Filter>Source Files\Engine\Utility</Filter>
    </ClCompile>
    <ClCompile Include="Engine\Audio\SimpleSound.cpp">
      <Filter>Source Files\Engine\Audio</Filter>
    </ClCompile>
    <ClCompile Include="Engine\Utility\Presence\Presence.cpp">
      <Filter>Source Files\Engine\Utility\Presence</Filter>
    </ClCompile>
    <ClCompile Include="Engine\World\World.cpp">
      <Filter>Source Files\Engine\World</Filter>
    </ClCompile>
    <ClCompile Include="Engine\World\Entity\Entity.cpp">
      <Filter>Source Files\Engine\World\Entity</Filter>
    </ClCompile>
  </ItemGroup>
  <ItemGroup>
    <ClInclude Include="ThirdParty\imgui-1.52\imconfig.h">
      <Filter>Source Files\ThirdParty\imgui</Filter>
    </ClInclude>
    <ClInclude Include="ThirdParty\imgui-1.52\imgui.h">
      <Filter>Source Files\ThirdParty\imgui</Filter>
    </ClInclude>
    <ClInclude Include="ThirdParty\imgui-1.52\imgui_internal.h">
      <Filter>Source Files\ThirdParty\imgui</Filter>
    </ClInclude>
    <ClInclude Include="ThirdParty\imgui-1.52\stb_rect_pack.h">
      <Filter>Source Files\ThirdParty\imgui</Filter>
    </ClInclude>
    <ClInclude Include="ThirdParty\imgui-1.52\stb_textedit.h">
      <Filter>Source Files\ThirdParty\imgui</Filter>
    </ClInclude>
    <ClInclude Include="ThirdParty\imgui-1.52\stb_truetype.h">
      <Filter>Source Files\ThirdParty\imgui</Filter>
    </ClInclude>
    <ClInclude Include="Game\Game.h">
      <Filter>Source Files\Engine</Filter>
    </ClInclude>
    <ClInclude Include="Game\CauseEffect\CauseEffect.h">
      <Filter>Source Files\Game\CauseEffect</Filter>
    </ClInclude>
    <ClInclude Include="Engine\Application\Application.h">
      <Filter>Source Files\Engine\Application</Filter>
    </ClInclude>
    <ClInclude Include="Engine\Input\Input.h">
      <Filter>Source Files\Engine\Input</Filter>
    </ClInclude>
    <ClInclude Include="Engine\Event\ActionTarget.h">
      <Filter>Source Files\Engine\Event</Filter>
    </ClInclude>
    <ClInclude Include="Engine\Event\Event.h">
      <Filter>Source Files\Engine\Event</Filter>
    </ClInclude>
    <ClInclude Include="Engine\Profiling\Logging.h">
      <Filter>Source Files\Engine\Profiling</Filter>
    </ClInclude>
    <ClInclude Include="Engine\Profiling\Profiling.h">
      <Filter>Source Files\Engine\Profiling</Filter>
    </ClInclude>
    <ClInclude Include="Engine\Display\imgui_impl_glfw_gl3.h">
      <Filter>Source Files\Engine\Display</Filter>
    </ClInclude>
    <ClInclude Include="Engine\Display\Window.h">
      <Filter>Source Files\Engine\Display</Filter>
    </ClInclude>
    <ClInclude Include="Engine\Display\Rendering\Camera.h">
      <Filter>Source Files\Engine\Display\Rendering</Filter>
    </ClInclude>
    <ClInclude Include="Engine\Display\Rendering\Mesh.h">
      <Filter>Source Files\Engine\Display\Rendering</Filter>
    </ClInclude>
    <ClInclude Include="Engine\Display\Rendering\Renderable.h">
      <Filter>Source Files\Engine\Display\Rendering</Filter>
    </ClInclude>
    <ClInclude Include="Engine\Display\Rendering\Renderer.h">
      <Filter>Source Files\Engine\Display\Rendering</Filter>
    </ClInclude>
    <ClInclude Include="Engine\Display\Rendering\Shader.h">
      <Filter>Source Files\Engine\Display\Rendering</Filter>
    </ClInclude>
    <ClInclude Include="Engine\Configuration\Configuration.h">
      <Filter>Source Files\Engine\Configuration</Filter>
    </ClInclude>
    <ClInclude Include="Engine\Utility\File.h">
      <Filter>Source Files\Engine\Utility</Filter>
    </ClInclude>
    <ClInclude Include="Engine\Utility\Math.h">
      <Filter>Source Files\Engine\Utility</Filter>
    </ClInclude>
    <ClInclude Include="Engine\Utility\RingBuffer.h">
      <Filter>Source Files\Engine\Utility</Filter>
    </ClInclude>
    <ClInclude Include="Engine\Utility\StringPool.h">
      <Filter>Source Files\Engine\Utility</Filter>
    </ClInclude>
    <ClInclude Include="Engine\Utility\Test.h">
      <Filter>Source Files\Engine\Utility</Filter>
    </ClInclude>
    <ClInclude Include="Engine\Utility\TestResult.h">
      <Filter>Source Files\Engine\Utility</Filter>
    </ClInclude>
    <ClInclude Include="Engine\Utility\Test\PerformanceStringTest.h">
      <Filter>Source Files\Engine\Utility\Test</Filter>
    </ClInclude>
    <ClInclude Include="Engine\Utility\Math\SIMDVector.h">
      <Filter>Source Files\Engine\Utility\Math</Filter>
    </ClInclude>
    <ClInclude Include="Game\ShatterLapse\ShatterLapse.h">
      <Filter>Source Files\Game\ShatterLapse</Filter>
    </ClInclude>
    <ClInclude Include="Engine\Utility\Structures\SpatialGrid.h">
      <Filter>Source Files\Engine\Utility\Structures</Filter>
    </ClInclude>
    <ClInclude Include="Engine\Utility\Locator\Locator.h">
      <Filter>Source Files\Engine\Utility\Locator</Filter>
    </ClInclude>
    <ClInclude Include="Engine\Utility\Service\Service.h">
      <Filter>Source Files\Engine\Utility\Service</Filter>
    </ClInclude>
    <ClInclude Include="Engine\Utility\Locator\InputLocator.h">
      <Filter>Source Files\Engine\Utility\Locator</Filter>
    </ClInclude>
    <ClInclude Include="Engine\Input\InputInterface.h">
      <Filter>Source Files\Engine\Input</Filter>
    </ClInclude>
    <ClInclude Include="Engine\Input\NullInput.h">
      <Filter>Source Files\Engine\Input</Filter>
    </ClInclude>
    <ClInclude Include="Engine\Utility\Service\ServiceRegistry.h">
      <Filter>Source Files\Engine\Utility\Service</Filter>
    </ClInclude>
    <ClInclude Include="Engine\Utility\Timer.h">
      <Filter>Source Files\Engine\Utility</Filter>
    </ClInclude>
    <ClInclude Include="Engine\Input\InputMap.h">
      <Filter>Source Files\Engine\Input</Filter>
    </ClInclude>
    <ClInclude Include="Engine\Input\InputMapGLFW.h">
      <Filter>Source Files\Engine\Input</Filter>
    </ClInclude>
    <ClInclude Include="ThirdParty\tracy\Tracy.hpp">
      <Filter>Source Files\ThirdParty\tracy</Filter>
    </ClInclude>
    <ClInclude Include="Engine\Resource\Assets.h">
      <Filter>Source Files\Engine\Resource</Filter>
    </ClInclude>
    <ClInclude Include="Engine\Utility\Primitive.h">
      <Filter>Source Files\Engine\Utility</Filter>
    </ClInclude>
    <ClInclude Include="Engine\Utility\MeshBuilder.h">
      <Filter>Source Files\Engine\Utility</Filter>
    </ClInclude>
    <ClInclude Include="Engine\Audio\SimpleSound.h">
      <Filter>Source Files\Engine\Audio</Filter>
    </ClInclude>
    <ClInclude Include="Engine\Utility\Data.h">
      <Filter>Source Files\Engine\Utility</Filter>
    </ClInclude>
    <ClInclude Include="Engine\Utility\Presence\Precense.h">
      <Filter>Source Files\Engine\Utility\Presence</Filter>
    </ClInclude>
    <ClInclude Include="Engine\World\World.h">
      <Filter>Source Files\Engine\World</Filter>
    </ClInclude>
    <ClInclude Include="Engine\World\Entity\Entity.h">
      <Filter>Source Files\Engine\World\Entity</Filter>
    </ClInclude>
  </ItemGroup>
  <ItemGroup>
    <None Include="Output\ShatterEngine.default.ini">
      <Filter>Source Files\Engine\Configuration</Filter>
    </None>
  </ItemGroup>
</Project>