<?xml version="1.0" encoding="utf-8"?>
<Project ToolsVersion="4.0" xmlns="http://schemas.microsoft.com/developer/msbuild/2003">
  <ItemGroup>
    <Filter Include="Source Files">
      <UniqueIdentifier>{4FC737F1-C7A5-4376-A066-2A32D752A2FF}</UniqueIdentifier>
      <Extensions>cpp;c;cc;cxx;def;odl;idl;hpj;bat;asm;asmx</Extensions>
    </Filter>
    <Filter Include="Resource Files">
      <UniqueIdentifier>{67DA6AB6-F800-4c08-8B7A-83BB121AAD01}</UniqueIdentifier>
      <Extensions>rc;ico;cur;bmp;dlg;rc2;rct;bin;rgs;gif;jpg;jpeg;jpe;resx;tiff;tif;png;wav;mfcribbon-ms</Extensions>
    </Filter>
    <Filter Include="Source Files\ThirdParty">
      <UniqueIdentifier>{61d479fd-ef5b-41cf-a199-757fba9ff9ef}</UniqueIdentifier>
    </Filter>
    <Filter Include="Source Files\ThirdParty\glad">
      <UniqueIdentifier>{a5b8330d-43a9-49fb-b4be-f463038713f7}</UniqueIdentifier>
    </Filter>
    <Filter Include="Source Files\ThirdParty\imgui">
      <UniqueIdentifier>{08df6da9-ed67-43cf-bd0f-8ceb2e5439b6}</UniqueIdentifier>
    </Filter>
    <Filter Include="Source Files\Game">
      <UniqueIdentifier>{bc526fbb-8f00-4cc5-81fc-e07c5222ec54}</UniqueIdentifier>
    </Filter>
    <Filter Include="Source Files\Engine">
      <UniqueIdentifier>{e742f670-d24e-4f16-9af6-e31621e894b9}</UniqueIdentifier>
    </Filter>
    <Filter Include="Source Files\Engine\Utility">
      <UniqueIdentifier>{bb6ebd86-1d2c-4c17-993c-07b3f2d3ed57}</UniqueIdentifier>
    </Filter>
    <Filter Include="Source Files\Engine\Display">
      <UniqueIdentifier>{a7e1b419-4aac-4b69-866a-522756f07663}</UniqueIdentifier>
    </Filter>
    <Filter Include="Source Files\Engine\Display\Rendering">
      <UniqueIdentifier>{ae6025bb-7b55-482b-beba-29413a3ad6e8}</UniqueIdentifier>
    </Filter>
    <Filter Include="Source Files\Engine\Configuration">
      <UniqueIdentifier>{d832880e-1784-4b0c-b3f8-af7bca157d66}</UniqueIdentifier>
    </Filter>
    <Filter Include="Source Files\Engine\Utility\Math">
      <UniqueIdentifier>{25b4290f-11fc-4a6b-8ee3-f1482ad4148f}</UniqueIdentifier>
    </Filter>
    <Filter Include="Source Files\Game\CauseEffect">
      <UniqueIdentifier>{fe8e7a3d-7dad-4e3d-b3b3-3d65a9997f51}</UniqueIdentifier>
    </Filter>
    <Filter Include="Source Files\Engine\Utility\Test">
      <UniqueIdentifier>{a3fa8650-cac1-466b-917e-127267072962}</UniqueIdentifier>
    </Filter>
    <Filter Include="Source Files\Engine\Application">
      <UniqueIdentifier>{e7744a31-428f-489e-b7c5-6f0c90fa72ee}</UniqueIdentifier>
    </Filter>
    <Filter Include="Source Files\Engine\Input">
      <UniqueIdentifier>{55d28cde-c1de-4e43-ab93-129d7da63b56}</UniqueIdentifier>
    </Filter>
    <Filter Include="Source Files\Engine\Event">
      <UniqueIdentifier>{205db9e9-4aa4-473d-b24b-855e1b97983b}</UniqueIdentifier>
    </Filter>
    <Filter Include="Source Files\Engine\Profiling">
      <UniqueIdentifier>{1218079d-7a77-4f12-a547-ad3d4b9e79d3}</UniqueIdentifier>
    </Filter>
    <Filter Include="Source Files\Game\ShatterLapse">
      <UniqueIdentifier>{4449bcb3-72c6-493d-9d5b-3eb4ee9c0bd6}</UniqueIdentifier>
    </Filter>
    <Filter Include="Source Files\Engine\Utility\Structures">
      <UniqueIdentifier>{f78a2f4b-8253-4a0f-a538-23f13cf54902}</UniqueIdentifier>
    </Filter>
    <Filter Include="Source Files\Engine\Utility\Service">
      <UniqueIdentifier>{dac7aa61-b412-4f59-b3b2-4c312d3b0308}</UniqueIdentifier>
    </Filter>
    <Filter Include="Source Files\Engine\Utility\Locator">
      <UniqueIdentifier>{03e8c706-9369-463d-9f4c-4cffb9895f5c}</UniqueIdentifier>
    </Filter>
    <Filter Include="Source Files\Engine\Resource">
      <UniqueIdentifier>{674b90ce-9aef-4754-974c-7ebb4cd7eeac}</UniqueIdentifier>
    </Filter>
    <Filter Include="Source Files\Engine\Audio">
      <UniqueIdentifier>{5b41a32e-c13d-47fd-b69e-1dbc515ad085}</UniqueIdentifier>
    </Filter>
    <Filter Include="Source Files\Engine\Utility\Presence">
      <UniqueIdentifier>{3bb500b2-7fa2-4f31-ac51-1d0147928e92}</UniqueIdentifier>
    </Filter>
    <Filter Include="Source Files\Engine\World">
      <UniqueIdentifier>{e62346af-4435-461e-9c71-bcf335741fc5}</UniqueIdentifier>
    </Filter>
    <Filter Include="Source Files\Engine\World\Entity">
      <UniqueIdentifier>{8939cd7e-a634-4079-ba24-ed6e00c4e640}</UniqueIdentifier>
    </Filter>
    <Filter Include="Source Files\Engine\Utility\Script">
      <UniqueIdentifier>{4d651276-e546-4eea-af74-57ca2ea7b57b}</UniqueIdentifier>
    </Filter>
    <Filter Include="Source Files\ThirdParty\angelscript">
      <UniqueIdentifier>{919be637-6d2c-4c33-8779-b2515d7f075e}</UniqueIdentifier>
    </Filter>
    <Filter Include="Source Files\Engine\World\Level">
      <UniqueIdentifier>{0d31c8f8-ebcc-4514-ba8a-30c496af6b39}</UniqueIdentifier>
    </Filter>
    <Filter Include="Source Files\Engine\World\Entity\MeshEntity">
      <UniqueIdentifier>{94a3dc05-6b31-44e7-ba7c-7cf34644832a}</UniqueIdentifier>
    </Filter>
    <Filter Include="Source Files\Engine\World\Entity\SoundEntity">
      <UniqueIdentifier>{fdf7dbdd-5fea-4e21-9a15-be0cae04e926}</UniqueIdentifier>
    </Filter>
    <Filter Include="Source Files\Engine\World\Entity\Logic">
      <UniqueIdentifier>{d75f5f3c-b31e-47cd-b40f-af62c832645b}</UniqueIdentifier>
    </Filter>
    <Filter Include="Source Files\Engine\World\Entity\Logic\LogicStartEntity">
      <UniqueIdentifier>{4afe22b0-49b1-48c8-ba04-8e9549d66577}</UniqueIdentifier>
    </Filter>
    <Filter Include="Source Files\Engine\World\Entity\Logic\LogicTimerEntity">
      <UniqueIdentifier>{ba13e93c-bb7d-4f00-afe8-50d0a0d5cb84}</UniqueIdentifier>
    </Filter>
    <Filter Include="Source Files\Engine\World\Entity\PointEntity">
      <UniqueIdentifier>{d71bf6f9-3166-4288-82b2-64f52fe3be29}</UniqueIdentifier>
    </Filter>
    <Filter Include="Source Files\Engine\World\Entity\Logic\LogicPointEntity">
      <UniqueIdentifier>{99271e2c-7658-4109-99d1-1a4127123f08}</UniqueIdentifier>
    </Filter>
    <Filter Include="Source Files\Engine\World\Entity\CameraEntity">
      <UniqueIdentifier>{0e7b5254-55bf-4da6-a22c-c43a1a6dbfbe}</UniqueIdentifier>
    </Filter>
    <Filter Include="Source Files\Engine\World\Entity\TriggerProximityEntity">
      <UniqueIdentifier>{baaf6e28-74fd-4a86-9067-26c7a55708f8}</UniqueIdentifier>
    </Filter>
    <Filter Include="Source Files\Engine\Physics">
      <UniqueIdentifier>{e5aabfae-81bb-4537-88cd-68f4e634edf3}</UniqueIdentifier>
    </Filter>
    <Filter Include="Source Files\Engine\Sequencer">
      <UniqueIdentifier>{8b9f98c7-aaad-46fb-b373-6fbadf11b163}</UniqueIdentifier>
    </Filter>
    <Filter Include="Source Files\Engine\World\Entity\Move">
      <UniqueIdentifier>{6b95605b-350c-4e25-936c-69e7e3e67ab4}</UniqueIdentifier>
    </Filter>
    <Filter Include="Source Files\Engine\Display\Rendering\Pass">
      <UniqueIdentifier>{eb9635e9-1e4c-49bf-9a2c-0a2c3a8b32b4}</UniqueIdentifier>
    </Filter>
    <Filter Include="Source Files\Engine\Animation">
      <UniqueIdentifier>{976d934a-9308-461f-84bc-010e545431bc}</UniqueIdentifier>
    </Filter>
    <Filter Include="Source Files\Engine\World\Entity\Info">
      <UniqueIdentifier>{0b4f342b-01f2-49c4-92df-9ab775ffe26f}</UniqueIdentifier>
    </Filter>
    <Filter Include="Source Files\Engine\Physics\Body">
      <UniqueIdentifier>{f9a02aab-c9ff-4e75-9b9b-3b7229b39c0d}</UniqueIdentifier>
    </Filter>
  </ItemGroup>
  <ItemGroup>
    <ClCompile Include="ThirdParty\glad\src\glad.c">
      <Filter>Source Files\ThirdParty\glad</Filter>
    </ClCompile>
    <ClCompile Include="Game\Game.cpp">
      <Filter>Source Files\Engine</Filter>
    </ClCompile>
    <ClCompile Include="Game\CauseEffect\CauseEffect.cpp">
      <Filter>Source Files\Game\CauseEffect</Filter>
    </ClCompile>
    <ClCompile Include="Engine\Application\Application.cpp">
      <Filter>Source Files\Engine\Application</Filter>
    </ClCompile>
    <ClCompile Include="Engine\Input\Input.cpp">
      <Filter>Source Files\Engine\Input</Filter>
    </ClCompile>
    <ClCompile Include="Engine\Profiling\Logging.cpp">
      <Filter>Source Files\Engine\Profiling</Filter>
    </ClCompile>
    <ClCompile Include="Engine\Profiling\Profiling.cpp">
      <Filter>Source Files\Engine\Profiling</Filter>
    </ClCompile>
    <ClCompile Include="Engine\Display\Window.cpp">
      <Filter>Source Files\Engine\Display</Filter>
    </ClCompile>
    <ClCompile Include="Engine\Display\Rendering\Camera.cpp">
      <Filter>Source Files\Engine\Display\Rendering</Filter>
    </ClCompile>
    <ClCompile Include="Engine\Display\Rendering\Mesh.cpp">
      <Filter>Source Files\Engine\Display\Rendering</Filter>
    </ClCompile>
    <ClCompile Include="Engine\Display\Rendering\Renderable.cpp">
      <Filter>Source Files\Engine\Display\Rendering</Filter>
    </ClCompile>
    <ClCompile Include="Engine\Display\Rendering\Renderer.cpp">
      <Filter>Source Files\Engine\Display\Rendering</Filter>
    </ClCompile>
    <ClCompile Include="Engine\Display\Rendering\Shader.cpp">
      <Filter>Source Files\Engine\Display\Rendering</Filter>
    </ClCompile>
    <ClCompile Include="Engine\Configuration\Configuration.cpp">
      <Filter>Source Files\Engine\Configuration</Filter>
    </ClCompile>
    <ClCompile Include="Engine\Utility\File.cpp">
      <Filter>Source Files\Engine\Utility</Filter>
    </ClCompile>
    <ClCompile Include="Engine\Utility\StringPool.cpp">
      <Filter>Source Files\Engine\Utility</Filter>
    </ClCompile>
    <ClCompile Include="Engine\Utility\Test\PerformanceStringTest.cpp">
      <Filter>Source Files\Engine\Utility\Test</Filter>
    </ClCompile>
    <ClCompile Include="Game\ShatterLapse\ShatterLapse.cpp">
      <Filter>Source Files\Game\ShatterLapse</Filter>
    </ClCompile>
    <ClCompile Include="Engine\Input\NullInput.cpp">
      <Filter>Source Files\Engine\Input</Filter>
    </ClCompile>
    <ClCompile Include="Engine\Utility\Service\ServiceRegistry.cpp">
      <Filter>Source Files\Engine\Utility\Service</Filter>
    </ClCompile>
    <ClCompile Include="Engine\Resource\Assets.cpp">
      <Filter>Source Files\Engine\Resource</Filter>
    </ClCompile>
    <ClCompile Include="Engine\Utility\MeshBuilder.cpp">
      <Filter>Source Files\Engine\Utility</Filter>
    </ClCompile>
    <ClCompile Include="Engine\Audio\SimpleSound.cpp">
      <Filter>Source Files\Engine\Audio</Filter>
    </ClCompile>
    <ClCompile Include="Engine\Utility\Presence\Presence.cpp">
      <Filter>Source Files\Engine\Utility\Presence</Filter>
    </ClCompile>
    <ClCompile Include="Engine\World\World.cpp">
      <Filter>Source Files\Engine\World</Filter>
    </ClCompile>
    <ClCompile Include="Engine\World\Entity\Entity.cpp">
      <Filter>Source Files\Engine\World\Entity</Filter>
    </ClCompile>
    <ClCompile Include="Engine\Utility\Script\AngelEngine.cpp">
      <Filter>Source Files\Engine\Utility\Script</Filter>
    </ClCompile>
    <ClCompile Include="Engine\Display\Rendering\Texture.cpp">
      <Filter>Source Files\Engine\Display\Rendering</Filter>
    </ClCompile>
    <ClCompile Include="Engine\Display\Rendering\Framebuffer.cpp">
      <Filter>Source Files\Engine\Display\Rendering</Filter>
    </ClCompile>
    <ClCompile Include="Engine\World\Level\Level.cpp">
      <Filter>Source Files\Engine\World\Level</Filter>
    </ClCompile>
    <ClCompile Include="Engine\World\Entity\MeshEntity\MeshEntity.cpp">
      <Filter>Source Files\Engine\World\Entity\MeshEntity</Filter>
    </ClCompile>
    <ClCompile Include="Engine\Utility\Structures\JSON.cpp">
      <Filter>Source Files\Engine\Utility\Structures</Filter>
    </ClCompile>
    <ClCompile Include="Engine\World\Entity\SoundEntity\SoundEntity.cpp">
      <Filter>Source Files\Engine\World\Entity\SoundEntity</Filter>
    </ClCompile>
    <ClCompile Include="Engine\World\Entity\Logic\LogicStartEntity\LogicStartEntity.cpp">
      <Filter>Source Files\Engine\World\Entity\Logic\LogicStartEntity</Filter>
    </ClCompile>
    <ClCompile Include="Engine\World\Entity\Logic\LogicTimerEntity\LogicTimerEntity.cpp">
      <Filter>Source Files\Engine\World\Entity\Logic\LogicTimerEntity</Filter>
    </ClCompile>
    <ClCompile Include="Engine\Audio\Sound.cpp">
      <Filter>Source Files\Engine\Audio</Filter>
    </ClCompile>
    <ClCompile Include="Engine\World\Entity\PointEntity\PointEntity.cpp">
      <Filter>Source Files\Engine\World\Entity\PointEntity</Filter>
    </ClCompile>
    <ClCompile Include="Engine\Utility\Structures\Name.cpp">
      <Filter>Source Files\Engine\Utility\Structures</Filter>
    </ClCompile>
    <ClCompile Include="Engine\Display\Rendering\RenderTexture.cpp">
      <Filter>Source Files\Engine\Display\Rendering</Filter>
    </ClCompile>
    <ClCompile Include="Engine\Display\Rendering\RenderPass.cpp">
      <Filter>Source Files\Engine\Display\Rendering</Filter>
    </ClCompile>
    <ClCompile Include="Engine\World\Entity\Logic\LogicPointEntity\LogicPointEntity.cpp">
      <Filter>Source Files\Engine\World\Entity\Logic\LogicPointEntity</Filter>
    </ClCompile>
    <ClCompile Include="Engine\World\Entity\CameraEntity\CameraEntity.cpp">
      <Filter>Source Files\Engine\World\Entity\CameraEntity</Filter>
    </ClCompile>
    <ClCompile Include="Engine\World\Entity\TriggerProximityEntity\TriggerProximityEntity.cpp">
      <Filter>Source Files\Engine\World\Entity\TriggerProximityEntity</Filter>
    </ClCompile>
    <ClCompile Include="Engine\Display\UserInterface.cpp">
      <Filter>Source Files\Engine\Display</Filter>
    </ClCompile>
    <ClCompile Include="Engine\Display\imgui_impl_glfw.cpp">
      <Filter>Source Files\Engine\Display</Filter>
    </ClCompile>
    <ClCompile Include="Engine\Display\imgui_impl_opengl3.cpp">
      <Filter>Source Files\Engine\Display</Filter>
    </ClCompile>
    <ClCompile Include="ThirdParty\imgui-1.70\imgui.cpp">
      <Filter>Source Files\ThirdParty\imgui</Filter>
    </ClCompile>
    <ClCompile Include="ThirdParty\imgui-1.70\imgui_demo.cpp">
      <Filter>Source Files\ThirdParty\imgui</Filter>
    </ClCompile>
    <ClCompile Include="ThirdParty\imgui-1.70\imgui_draw.cpp">
      <Filter>Source Files\ThirdParty\imgui</Filter>
    </ClCompile>
    <ClCompile Include="ThirdParty\imgui-1.70\imgui_widgets.cpp">
      <Filter>Source Files\ThirdParty\imgui</Filter>
    </ClCompile>
    <ClCompile Include="Engine\Physics\Physics.cpp">
      <Filter>Source Files\Engine\Physics</Filter>
    </ClCompile>
    <ClCompile Include="Engine\Physics\PhysicsComponent.cpp">
      <Filter>Source Files\Engine\Physics</Filter>
    </ClCompile>
    <ClCompile Include="Engine\Sequencer\Sequencer.cpp">
      <Filter>Source Files\Engine\Sequencer</Filter>
    </ClCompile>
    <ClCompile Include="Engine\Utility\MeshBuilderASSIMP.cpp">
      <Filter>Source Files\Engine\Utility</Filter>
    </ClCompile>
    <ClCompile Include="Engine\World\Entity\Move\MoveLinear.cpp">
      <Filter>Source Files\Engine\World\Entity\Move</Filter>
    </ClCompile>
    <ClCompile Include="Engine\Display\Rendering\TextureEnumeratorsGL.cpp">
      <Filter>Source Files\Engine\Display\Rendering</Filter>
    </ClCompile>
    <ClCompile Include="Engine\Display\Rendering\Pass\BloomPass.cpp">
      <Filter>Source Files\Engine\Display\Rendering\Pass</Filter>
    </ClCompile>
    <ClCompile Include="Engine\Display\Rendering\Pass\CopyPass.cpp">
      <Filter>Source Files\Engine\Display\Rendering\Pass</Filter>
    </ClCompile>
    <ClCompile Include="Engine\Display\Rendering\Pass\DownsamplePass.cpp">
      <Filter>Source Files\Engine\Display\Rendering\Pass</Filter>
    </ClCompile>
    <ClCompile Include="Engine\Display\Rendering\Pass\ShadowPass.cpp">
      <Filter>Source Files\Engine\Display\Rendering\Pass</Filter>
    </ClCompile>
    <ClCompile Include="Engine\Utility\Property.cpp">
      <Filter>Source Files\Engine\Utility</Filter>
    </ClCompile>
    <ClCompile Include="Engine\Utility\Chunk.cpp">
      <Filter>Source Files\Engine\Utility</Filter>
    </ClCompile>
    <ClCompile Include="Engine\Utility\Math\Matrix.cpp">
      <Filter>Source Files\Engine\Utility\Math</Filter>
    </ClCompile>
    <ClCompile Include="Engine\Utility\Math\Transform.cpp">
      <Filter>Source Files\Engine\Utility\Math</Filter>
    </ClCompile>
    <ClCompile Include="Engine\Animation\Skeleton.cpp">
      <Filter>Source Files\Engine\Animation</Filter>
    </ClCompile>
    <ClCompile Include="Engine\Utility\Math\Vector.cpp">
      <Filter>Source Files\Engine\Utility\Math</Filter>
    </ClCompile>
    <ClCompile Include="Engine\Utility\Thread.cpp">
      <Filter>Source Files\Engine\Utility</Filter>
    </ClCompile>
    <ClCompile Include="Engine\Display\Rendering\Pass\PostProcessPass.cpp">
      <Filter>Source Files\Engine\Display\Rendering\Pass</Filter>
    </ClCompile>
    <ClCompile Include="Engine\World\Entity\Info\InfoTextEntity.cpp">
      <Filter>Source Files\Engine\World\Entity\Info</Filter>
    </ClCompile>
    <ClCompile Include="Engine\Physics\Body\Plane.cpp">
      <Filter>Source Files\Engine\Physics\Body</Filter>
    </ClCompile>
    <ClCompile Include="Engine\Physics\Body\Body.cpp">
      <Filter>Source Files\Engine\Physics\Body</Filter>
    </ClCompile>
    <ClCompile Include="Engine\Audio\SoLoudSound.cpp">
      <Filter>Source Files\Engine\Audio</Filter>
    </ClCompile>
  </ItemGroup>
  <ItemGroup>
    <ClInclude Include="Game\Game.h">
      <Filter>Source Files\Engine</Filter>
    </ClInclude>
    <ClInclude Include="Game\CauseEffect\CauseEffect.h">
      <Filter>Source Files\Game\CauseEffect</Filter>
    </ClInclude>
    <ClInclude Include="Engine\Application\Application.h">
      <Filter>Source Files\Engine\Application</Filter>
    </ClInclude>
    <ClInclude Include="Engine\Input\Input.h">
      <Filter>Source Files\Engine\Input</Filter>
    </ClInclude>
    <ClInclude Include="Engine\Event\ActionTarget.h">
      <Filter>Source Files\Engine\Event</Filter>
    </ClInclude>
    <ClInclude Include="Engine\Profiling\Logging.h">
      <Filter>Source Files\Engine\Profiling</Filter>
    </ClInclude>
    <ClInclude Include="Engine\Profiling\Profiling.h">
      <Filter>Source Files\Engine\Profiling</Filter>
    </ClInclude>
    <ClInclude Include="Engine\Display\Window.h">
      <Filter>Source Files\Engine\Display</Filter>
    </ClInclude>
    <ClInclude Include="Engine\Display\Rendering\Camera.h">
      <Filter>Source Files\Engine\Display\Rendering</Filter>
    </ClInclude>
    <ClInclude Include="Engine\Display\Rendering\Mesh.h">
      <Filter>Source Files\Engine\Display\Rendering</Filter>
    </ClInclude>
    <ClInclude Include="Engine\Display\Rendering\Renderable.h">
      <Filter>Source Files\Engine\Display\Rendering</Filter>
    </ClInclude>
    <ClInclude Include="Engine\Display\Rendering\Renderer.h">
      <Filter>Source Files\Engine\Display\Rendering</Filter>
    </ClInclude>
    <ClInclude Include="Engine\Display\Rendering\Shader.h">
      <Filter>Source Files\Engine\Display\Rendering</Filter>
    </ClInclude>
    <ClInclude Include="Engine\Configuration\Configuration.h">
      <Filter>Source Files\Engine\Configuration</Filter>
    </ClInclude>
    <ClInclude Include="Engine\Utility\File.h">
      <Filter>Source Files\Engine\Utility</Filter>
    </ClInclude>
    <ClInclude Include="Engine\Utility\Math.h">
      <Filter>Source Files\Engine\Utility</Filter>
    </ClInclude>
    <ClInclude Include="Engine\Utility\RingBuffer.h">
      <Filter>Source Files\Engine\Utility</Filter>
    </ClInclude>
    <ClInclude Include="Engine\Utility\StringPool.h">
      <Filter>Source Files\Engine\Utility</Filter>
    </ClInclude>
    <ClInclude Include="Engine\Utility\Test.h">
      <Filter>Source Files\Engine\Utility</Filter>
    </ClInclude>
    <ClInclude Include="Engine\Utility\TestResult.h">
      <Filter>Source Files\Engine\Utility</Filter>
    </ClInclude>
    <ClInclude Include="Engine\Utility\Test\PerformanceStringTest.h">
      <Filter>Source Files\Engine\Utility\Test</Filter>
    </ClInclude>
    <ClInclude Include="Game\ShatterLapse\ShatterLapse.h">
      <Filter>Source Files\Game\ShatterLapse</Filter>
    </ClInclude>
    <ClInclude Include="Engine\Utility\Structures\SpatialGrid.h">
      <Filter>Source Files\Engine\Utility\Structures</Filter>
    </ClInclude>
    <ClInclude Include="Engine\Utility\Locator\Locator.h">
      <Filter>Source Files\Engine\Utility\Locator</Filter>
    </ClInclude>
    <ClInclude Include="Engine\Utility\Service\Service.h">
      <Filter>Source Files\Engine\Utility\Service</Filter>
    </ClInclude>
    <ClInclude Include="Engine\Utility\Locator\InputLocator.h">
      <Filter>Source Files\Engine\Utility\Locator</Filter>
    </ClInclude>
    <ClInclude Include="Engine\Input\InputInterface.h">
      <Filter>Source Files\Engine\Input</Filter>
    </ClInclude>
    <ClInclude Include="Engine\Input\NullInput.h">
      <Filter>Source Files\Engine\Input</Filter>
    </ClInclude>
    <ClInclude Include="Engine\Utility\Service\ServiceRegistry.h">
      <Filter>Source Files\Engine\Utility\Service</Filter>
    </ClInclude>
    <ClInclude Include="Engine\Utility\Timer.h">
      <Filter>Source Files\Engine\Utility</Filter>
    </ClInclude>
    <ClInclude Include="Engine\Input\InputMap.h">
      <Filter>Source Files\Engine\Input</Filter>
    </ClInclude>
    <ClInclude Include="Engine\Input\InputMapGLFW.h">
      <Filter>Source Files\Engine\Input</Filter>
    </ClInclude>
    <ClInclude Include="Engine\Resource\Assets.h">
      <Filter>Source Files\Engine\Resource</Filter>
    </ClInclude>
    <ClInclude Include="Engine\Utility\Primitive.h">
      <Filter>Source Files\Engine\Utility</Filter>
    </ClInclude>
    <ClInclude Include="Engine\Utility\MeshBuilder.h">
      <Filter>Source Files\Engine\Utility</Filter>
    </ClInclude>
    <ClInclude Include="Engine\Audio\SimpleSound.h">
      <Filter>Source Files\Engine\Audio</Filter>
    </ClInclude>
    <ClInclude Include="Engine\Utility\Data.h">
      <Filter>Source Files\Engine\Utility</Filter>
    </ClInclude>
    <ClInclude Include="Engine\Utility\Presence\Precense.h">
      <Filter>Source Files\Engine\Utility\Presence</Filter>
    </ClInclude>
    <ClInclude Include="Engine\World\World.h">
      <Filter>Source Files\Engine\World</Filter>
    </ClInclude>
    <ClInclude Include="Engine\World\Entity\Entity.h">
      <Filter>Source Files\Engine\World\Entity</Filter>
    </ClInclude>
    <ClInclude Include="Engine\Utility\Script\AngelEngine.h">
      <Filter>Source Files\Engine\Utility\Script</Filter>
    </ClInclude>
    <ClInclude Include="Engine\Display\Rendering\Texture.h">
      <Filter>Source Files\Engine\Display\Rendering</Filter>
    </ClInclude>
    <ClInclude Include="Engine\Display\Rendering\Framebuffer.h">
      <Filter>Source Files\Engine\Display\Rendering</Filter>
    </ClInclude>
    <ClInclude Include="Engine\World\Level\Level.h">
      <Filter>Source Files\Engine\World\Level</Filter>
    </ClInclude>
    <ClInclude Include="Engine\World\Entity\MeshEntity\MeshEntity.h">
      <Filter>Source Files\Engine\World\Entity\MeshEntity</Filter>
    </ClInclude>
    <ClInclude Include="Engine\Utility\Structures\KeyValue.h">
      <Filter>Source Files\Engine\Utility\Structures</Filter>
    </ClInclude>
    <ClInclude Include="ThirdParty\angelscript\include\angelscript.h">
      <Filter>Source Files\ThirdParty\angelscript</Filter>
    </ClInclude>
    <ClInclude Include="Engine\Utility\Structures\JSON.h">
      <Filter>Source Files\Engine\Utility\Structures</Filter>
    </ClInclude>
    <ClInclude Include="Engine\World\Entity\SoundEntity\SoundEntity.h">
      <Filter>Source Files\Engine\World\Entity\SoundEntity</Filter>
    </ClInclude>
    <ClInclude Include="Engine\World\Entity\Logic\LogicStartEntity\LogicStartEntity.h">
      <Filter>Source Files\Engine\World\Entity\Logic\LogicStartEntity</Filter>
    </ClInclude>
    <ClInclude Include="Engine\World\Entity\Logic\LogicTimerEntity\LogicTimerEntity.h">
      <Filter>Source Files\Engine\World\Entity\Logic\LogicTimerEntity</Filter>
    </ClInclude>
    <ClInclude Include="Engine\Audio\Sound.h">
      <Filter>Source Files\Engine\Audio</Filter>
    </ClInclude>
    <ClInclude Include="Engine\Utility\Math\Vector.h">
      <Filter>Source Files\Engine\Utility\Math</Filter>
    </ClInclude>
    <ClInclude Include="Engine\World\Entity\PointEntity\PointEntity.h">
      <Filter>Source Files\Engine\World\Entity\PointEntity</Filter>
    </ClInclude>
    <ClInclude Include="Engine\Utility\Structures\Name.h">
      <Filter>Source Files\Engine\Utility\Structures</Filter>
    </ClInclude>
    <ClInclude Include="Engine\Display\Rendering\RenderTexture.h">
      <Filter>Source Files\Engine\Display\Rendering</Filter>
    </ClInclude>
    <ClInclude Include="Engine\Display\Rendering\RenderPass.h">
      <Filter>Source Files\Engine\Display\Rendering</Filter>
    </ClInclude>
    <ClInclude Include="Engine\World\Entity\Logic\LogicPointEntity\LogicPointEntity.h">
      <Filter>Source Files\Engine\World\Entity\Logic\LogicPointEntity</Filter>
    </ClInclude>
    <ClInclude Include="Engine\World\Entity\CameraEntity\CameraEntity.h">
      <Filter>Source Files\Engine\World\Entity\CameraEntity</Filter>
    </ClInclude>
    <ClInclude Include="Engine\World\Entity\TriggerProximityEntity\TriggerProximityEntity.h">
      <Filter>Source Files\Engine\World\Entity\TriggerProximityEntity</Filter>
    </ClInclude>
    <ClInclude Include="Engine\Display\UserInterface.h">
      <Filter>Source Files\Engine\Display</Filter>
    </ClInclude>
    <ClInclude Include="Engine\Display\imgui_impl_glfw.h">
      <Filter>Source Files\Engine\Display</Filter>
    </ClInclude>
    <ClInclude Include="Engine\Display\imgui_impl_opengl3.h">
      <Filter>Source Files\Engine\Display</Filter>
    </ClInclude>
    <ClInclude Include="ThirdParty\imgui-1.70\imgui_internal.h">
      <Filter>Source Files\ThirdParty\imgui</Filter>
    </ClInclude>
    <ClInclude Include="ThirdParty\imgui-1.70\imstb_rectpack.h">
      <Filter>Source Files\ThirdParty\imgui</Filter>
    </ClInclude>
    <ClInclude Include="ThirdParty\imgui-1.70\imstb_textedit.h">
      <Filter>Source Files\ThirdParty\imgui</Filter>
    </ClInclude>
    <ClInclude Include="ThirdParty\imgui-1.70\imstb_truetype.h">
      <Filter>Source Files\ThirdParty\imgui</Filter>
    </ClInclude>
    <ClInclude Include="ThirdParty\imgui-1.70\stb_rect_pack.h">
      <Filter>Source Files\ThirdParty\imgui</Filter>
    </ClInclude>
    <ClInclude Include="ThirdParty\imgui-1.70\stb_textedit.h">
      <Filter>Source Files\ThirdParty\imgui</Filter>
    </ClInclude>
    <ClInclude Include="ThirdParty\imgui-1.70\stb_truetype.h">
      <Filter>Source Files\ThirdParty\imgui</Filter>
    </ClInclude>
    <ClInclude Include="ThirdParty\imgui-1.70\imgui.h">
      <Filter>Source Files\ThirdParty\imgui</Filter>
    </ClInclude>
    <ClInclude Include="ThirdParty\imgui-1.70\imconfig.h">
      <Filter>Source Files\ThirdParty\imgui</Filter>
    </ClInclude>
    <ClInclude Include="Engine\Utility\DataString.h">
      <Filter>Source Files\Engine\Utility</Filter>
    </ClInclude>
    <ClInclude Include="Engine\Display\Rendering\TextureEnumerators.h">
      <Filter>Source Files\Engine\Display\Rendering</Filter>
    </ClInclude>
    <ClInclude Include="Engine\Physics\Physics.h">
      <Filter>Source Files\Engine\Physics</Filter>
    </ClInclude>
    <ClInclude Include="Engine\Physics\PhysicsComponent.h">
      <Filter>Source Files\Engine\Physics</Filter>
    </ClInclude>
    <ClInclude Include="Engine\Sequencer\Sequencer.h">
      <Filter>Source Files\Engine\Sequencer</Filter>
    </ClInclude>
    <ClInclude Include="Engine\Utility\Math\Matrix.h">
      <Filter>Source Files\Engine\Utility\Math</Filter>
    </ClInclude>
    <ClInclude Include="Engine\World\Entity\Move\MoveLinear.h">
      <Filter>Source Files\Engine\World\Entity\Move</Filter>
    </ClInclude>
    <ClInclude Include="Engine\Display\Rendering\TextureEnumeratorsGL.h">
      <Filter>Source Files\Engine\Display\Rendering</Filter>
    </ClInclude>
    <ClInclude Include="Engine\Display\Rendering\Pass\BloomPass.h">
      <Filter>Source Files\Engine\Display\Rendering\Pass</Filter>
    </ClInclude>
    <ClInclude Include="Engine\Display\Rendering\Pass\CopyPass.h">
      <Filter>Source Files\Engine\Display\Rendering\Pass</Filter>
    </ClInclude>
    <ClInclude Include="Engine\Display\Rendering\Pass\DownsamplePass.h">
      <Filter>Source Files\Engine\Display\Rendering\Pass</Filter>
    </ClInclude>
    <ClInclude Include="Engine\Display\Rendering\Pass\ShadowPass.h">
      <Filter>Source Files\Engine\Display\Rendering\Pass</Filter>
    </ClInclude>
    <ClInclude Include="Engine\Display\Rendering\Uniform.h">
      <Filter>Source Files\Engine\Display\Rendering</Filter>
    </ClInclude>
    <ClInclude Include="Engine\Utility\Property.h">
      <Filter>Source Files\Engine\Utility</Filter>
    </ClInclude>
    <ClInclude Include="Engine\Utility\Chunk.h">
      <Filter>Source Files\Engine\Utility</Filter>
    </ClInclude>
    <ClInclude Include="Engine\Utility\Math\Transform.h">
      <Filter>Source Files\Engine\Utility\Math</Filter>
    </ClInclude>
    <ClInclude Include="Engine\Animation\Skeleton.h">
      <Filter>Source Files\Engine\Animation</Filter>
    </ClInclude>
    <ClInclude Include="Engine\Utility\Thread.h">
      <Filter>Source Files\Engine\Utility</Filter>
    </ClInclude>
    <ClInclude Include="Engine\Display\Rendering\Pass\PostProcessPass.h">
      <Filter>Source Files\Engine\Display\Rendering\Pass</Filter>
    </ClInclude>
    <ClInclude Include="Engine\Resource\Asset.h">
      <Filter>Source Files\Engine\Resource</Filter>
    </ClInclude>
    <ClInclude Include="Engine\World\Entity\Info\InfoTextEntity.h">
      <Filter>Source Files\Engine\World\Entity\Info</Filter>
    </ClInclude>
    <ClInclude Include="Engine\Physics\Body\Plane.h">
      <Filter>Source Files\Engine\Physics\Body</Filter>
    </ClInclude>
    <ClInclude Include="Engine\Physics\Body\Body.h">
      <Filter>Source Files\Engine\Physics\Body</Filter>
    </ClInclude>
    <ClInclude Include="Engine\Physics\Body\Shared.h">
      <Filter>Source Files\Engine\Physics\Body</Filter>
    </ClInclude>
    <ClInclude Include="Engine\Utility\TranslationTable.h">
      <Filter>Source Files\Engine\Utility</Filter>
    </ClInclude>
    <ClInclude Include="Engine\Audio\SoLoudSound.h">
      <Filter>Source Files\Engine\Audio</Filter>
    </ClInclude>
  </ItemGroup>
  <ItemGroup>
    <None Include="Output\ShatterEngine.default.ini">
      <Filter>Source Files\Engine\Configuration</Filter>
    </None>
  </ItemGroup>
</Project>