<?xml version="1.0" encoding="utf-8"?>
<Project ToolsVersion="4.0" xmlns="http://schemas.microsoft.com/developer/msbuild/2003">
  <ItemGroup>
    <ClCompile Include="Squareoids.cpp">
      <Filter>Source Files</Filter>
    </ClCompile>
    <ClCompile Include="Battlefield\Battlefield.cpp">
      <Filter>Source Files\Gameplay</Filter>
    </ClCompile>
    <ClCompile Include="Unit\PlayerUnit.cpp">
      <Filter>Source Files\Gameplay</Filter>
    </ClCompile>
    <ClCompile Include="Unit\Unit.cpp">
      <Filter>Source Files\Gameplay</Filter>
    </ClCompile>
    <ClCompile Include="TitleScreen\TitleScreen.cpp">
      <Filter>Source Files\UI</Filter>
    </ClCompile>
  </ItemGroup>
  <ItemGroup>
    <ClInclude Include="Squareoids.h">
      <Filter>Source Files</Filter>
    </ClInclude>
    <ClInclude Include="GameState\SquareoidsGameState.h">
      <Filter>Source Files</Filter>
    </ClInclude>
    <ClInclude Include="Battlefield\Battlefield.h">
      <Filter>Source Files\Gameplay</Filter>
    </ClInclude>
    <ClInclude Include="Unit\PlayerUnit.h">
      <Filter>Source Files\Gameplay</Filter>
    </ClInclude>
    <ClInclude Include="Unit\Unit.h">
      <Filter>Source Files\Gameplay</Filter>
    </ClInclude>
    <ClInclude Include="Unit\UnitInterface.h">
      <Filter>Source Files\Gameplay</Filter>
    </ClInclude>
    <ClInclude Include="TitleScreen\TitleScreen.h">
      <Filter>Source Files\UI</Filter>
    </ClInclude>
  </ItemGroup>
  <ItemGroup>
    <Filter Include="Resource Files">
      <UniqueIdentifier>{87f0617b-f342-49fe-857f-d86072681553}</UniqueIdentifier>
    </Filter>
    <Filter Include="Source Files">
      <UniqueIdentifier>{98efad5f-d9e3-42da-99fe-2094c0ea8211}</UniqueIdentifier>
    </Filter>
    <Filter Include="Source Files\Gameplay">
      <UniqueIdentifier>{02c8bb92-cc55-4aba-9f69-e5e1975703fa}</UniqueIdentifier>
    </Filter>
    <Filter Include="Source Files\UI">
      <UniqueIdentifier>{b11525bc-1b27-43c2-ba1a-0e14216903e5}</UniqueIdentifier>
    </Filter>
  </ItemGroup>
</Project>